// !$*UTF8*$!
{
	archiveVersion = 1;
	classes = {
	};
	objectVersion = 56;
	objects = {

/* Begin PBXBuildFile section */
		851F3D9C2B8527B000E32171 /* RoamTabsApp.swift in Sources */ = {isa = PBXBuildFile; fileRef = 851F3D9B2B8527B000E32171 /* RoamTabsApp.swift */; };
		851F3DA02B8527B400E32171 /* Assets.xcassets in Resources */ = {isa = PBXBuildFile; fileRef = 851F3D9F2B8527B400E32171 /* Assets.xcassets */; };
		851F3DA32B8527B400E32171 /* Preview Assets.xcassets in Resources */ = {isa = PBXBuildFile; fileRef = 851F3DA22B8527B400E32171 /* Preview Assets.xcassets */; };
		851F3DAD2B85348B00E32171 /* TabsView.swift in Sources */ = {isa = PBXBuildFile; fileRef = 851F3DAC2B85348B00E32171 /* TabsView.swift */; };
		851F3DB12B85638B00E32171 /* TabCardView.swift in Sources */ = {isa = PBXBuildFile; fileRef = 851F3DB02B85638B00E32171 /* TabCardView.swift */; };
		85B786E72B8687CC00D421F8 /* WebViewTab.swift in Sources */ = {isa = PBXBuildFile; fileRef = 85B786E62B8687CC00D421F8 /* WebViewTab.swift */; };
		85B786EA2B86B73200D421F8 /* TabCardDragOffsetModel.swift in Sources */ = {isa = PBXBuildFile; fileRef = 85B786E92B86B73200D421F8 /* TabCardDragOffsetModel.swift */; };
		85B786EC2B86C5D300D421F8 /* ActiveTabSheet.swift in Sources */ = {isa = PBXBuildFile; fileRef = 85B786EB2B86C5D300D421F8 /* ActiveTabSheet.swift */; };
		85D9BEE12B857FEA005069A3 /* RootView.swift in Sources */ = {isa = PBXBuildFile; fileRef = 85D9BEE02B857FEA005069A3 /* RootView.swift */; };
		85DB3DA12B867BAC00994E92 /* ScrollViewOffsetReader.swift in Sources */ = {isa = PBXBuildFile; fileRef = 85DB3DA02B867BAC00994E92 /* ScrollViewOffsetReader.swift */; };
		85DB3DA42B867C9D00994E92 /* OffsetPreferenceKey.swift in Sources */ = {isa = PBXBuildFile; fileRef = 85DB3DA32B867C9D00994E92 /* OffsetPreferenceKey.swift */; };
		85DB3DA62B867DCF00994E92 /* ScrollViewOffsetListener.swift in Sources */ = {isa = PBXBuildFile; fileRef = 85DB3DA52B867DCF00994E92 /* ScrollViewOffsetListener.swift */; };
/* End PBXBuildFile section */

/* Begin PBXFileReference section */
		851F3D982B8527B000E32171 /* RoamTabs.app */ = {isa = PBXFileReference; explicitFileType = wrapper.application; includeInIndex = 0; path = RoamTabs.app; sourceTree = BUILT_PRODUCTS_DIR; };
		851F3D9B2B8527B000E32171 /* RoamTabsApp.swift */ = {isa = PBXFileReference; lastKnownFileType = sourcecode.swift; path = RoamTabsApp.swift; sourceTree = "<group>"; };
		851F3D9F2B8527B400E32171 /* Assets.xcassets */ = {isa = PBXFileReference; lastKnownFileType = folder.assetcatalog; path = Assets.xcassets; sourceTree = "<group>"; };
		851F3DA22B8527B400E32171 /* Preview Assets.xcassets */ = {isa = PBXFileReference; lastKnownFileType = folder.assetcatalog; path = "Preview Assets.xcassets"; sourceTree = "<group>"; };
		851F3DAC2B85348B00E32171 /* TabsView.swift */ = {isa = PBXFileReference; lastKnownFileType = sourcecode.swift; path = TabsView.swift; sourceTree = "<group>"; };
		851F3DB02B85638B00E32171 /* TabCardView.swift */ = {isa = PBXFileReference; lastKnownFileType = sourcecode.swift; path = TabCardView.swift; sourceTree = "<group>"; };
		85B786E62B8687CC00D421F8 /* WebViewTab.swift */ = {isa = PBXFileReference; lastKnownFileType = sourcecode.swift; path = WebViewTab.swift; sourceTree = "<group>"; };
		85B786E92B86B73200D421F8 /* TabCardDragOffsetModel.swift */ = {isa = PBXFileReference; lastKnownFileType = sourcecode.swift; path = TabCardDragOffsetModel.swift; sourceTree = "<group>"; };
		85B786EB2B86C5D300D421F8 /* ActiveTabSheet.swift */ = {isa = PBXFileReference; lastKnownFileType = sourcecode.swift; path = ActiveTabSheet.swift; sourceTree = "<group>"; };
		85D9BEE02B857FEA005069A3 /* RootView.swift */ = {isa = PBXFileReference; lastKnownFileType = sourcecode.swift; path = RootView.swift; sourceTree = "<group>"; };
		85DB3DA02B867BAC00994E92 /* ScrollViewOffsetReader.swift */ = {isa = PBXFileReference; lastKnownFileType = sourcecode.swift; path = ScrollViewOffsetReader.swift; sourceTree = "<group>"; };
		85DB3DA32B867C9D00994E92 /* OffsetPreferenceKey.swift */ = {isa = PBXFileReference; lastKnownFileType = sourcecode.swift; path = OffsetPreferenceKey.swift; sourceTree = "<group>"; };
		85DB3DA52B867DCF00994E92 /* ScrollViewOffsetListener.swift */ = {isa = PBXFileReference; lastKnownFileType = sourcecode.swift; path = ScrollViewOffsetListener.swift; sourceTree = "<group>"; };
/* End PBXFileReference section */

/* Begin PBXFrameworksBuildPhase section */
		851F3D952B8527B000E32171 /* Frameworks */ = {
			isa = PBXFrameworksBuildPhase;
			buildActionMask = 2147483647;
			files = (
			);
			runOnlyForDeploymentPostprocessing = 0;
		};
/* End PBXFrameworksBuildPhase section */

/* Begin PBXGroup section */
		851F3D8F2B8527B000E32171 = {
			isa = PBXGroup;
			children = (
				851F3D9A2B8527B000E32171 /* RoamTabs */,
				851F3D992B8527B000E32171 /* Products */,
			);
			sourceTree = "<group>";
		};
		851F3D992B8527B000E32171 /* Products */ = {
			isa = PBXGroup;
			children = (
				851F3D982B8527B000E32171 /* RoamTabs.app */,
			);
			name = Products;
			sourceTree = "<group>";
		};
		851F3D9A2B8527B000E32171 /* RoamTabs */ = {
			isa = PBXGroup;
			children = (
				851F3D9F2B8527B400E32171 /* Assets.xcassets */,
				851F3D9B2B8527B000E32171 /* RoamTabsApp.swift */,
				85B786E52B8687C100D421F8 /* Models */,
				851F3DA92B85295C00E32171 /* Views */,
				851F3DA12B8527B400E32171 /* Preview Content */,
			);
			path = RoamTabs;
			sourceTree = "<group>";
		};
		851F3DA12B8527B400E32171 /* Preview Content */ = {
			isa = PBXGroup;
			children = (
				851F3DA22B8527B400E32171 /* Preview Assets.xcassets */,
			);
			path = "Preview Content";
			sourceTree = "<group>";
		};
		851F3DA92B85295C00E32171 /* Views */ = {
			isa = PBXGroup;
			children = (
				85B786EB2B86C5D300D421F8 /* ActiveTabSheet.swift */,
				85D9BEE02B857FEA005069A3 /* RootView.swift */,
				85DB3DA22B867C8300994E92 /* ScrollViewOffsetReader */,
				85D9BEDF2B857FD1005069A3 /* TabsView */,
			);
			path = Views;
			sourceTree = "<group>";
		};
		85B786E52B8687C100D421F8 /* Models */ = {
			isa = PBXGroup;
			children = (
				85B786E62B8687CC00D421F8 /* WebViewTab.swift */,
			);
			path = Models;
			sourceTree = "<group>";
		};
		85B786E82B86B71000D421F8 /* TabCardView */ = {
			isa = PBXGroup;
			children = (
				851F3DB02B85638B00E32171 /* TabCardView.swift */,
				85B786E92B86B73200D421F8 /* TabCardDragOffsetModel.swift */,
			);
			path = TabCardView;
			sourceTree = "<group>";
		};
		85D9BEDF2B857FD1005069A3 /* TabsView */ = {
			isa = PBXGroup;
			children = (
				85B786E82B86B71000D421F8 /* TabCardView */,
				851F3DAC2B85348B00E32171 /* TabsView.swift */,
			);
			path = TabsView;
			sourceTree = "<group>";
		};
		85DB3DA22B867C8300994E92 /* ScrollViewOffsetReader */ = {
			isa = PBXGroup;
			children = (
				85DB3DA32B867C9D00994E92 /* OffsetPreferenceKey.swift */,
				85DB3DA52B867DCF00994E92 /* ScrollViewOffsetListener.swift */,
				85DB3DA02B867BAC00994E92 /* ScrollViewOffsetReader.swift */,
			);
			path = ScrollViewOffsetReader;
			sourceTree = "<group>";
		};
/* End PBXGroup section */

/* Begin PBXNativeTarget section */
		851F3D972B8527B000E32171 /* RoamTabs */ = {
			isa = PBXNativeTarget;
			buildConfigurationList = 851F3DA62B8527B400E32171 /* Build configuration list for PBXNativeTarget "RoamTabs" */;
			buildPhases = (
				851F3D942B8527B000E32171 /* Sources */,
				851F3D952B8527B000E32171 /* Frameworks */,
				851F3D962B8527B000E32171 /* Resources */,
			);
			buildRules = (
			);
			dependencies = (
			);
			name = RoamTabs;
			productName = RoamTabs;
			productReference = 851F3D982B8527B000E32171 /* RoamTabs.app */;
			productType = "com.apple.product-type.application";
		};
/* End PBXNativeTarget section */

/* Begin PBXProject section */
		851F3D902B8527B000E32171 /* Project object */ = {
			isa = PBXProject;
			attributes = {
				BuildIndependentTargetsInParallel = 1;
				LastSwiftUpdateCheck = 1500;
				LastUpgradeCheck = 1500;
				TargetAttributes = {
					851F3D972B8527B000E32171 = {
						CreatedOnToolsVersion = 15.0.1;
					};
				};
			};
			buildConfigurationList = 851F3D932B8527B000E32171 /* Build configuration list for PBXProject "RoamTabs" */;
			compatibilityVersion = "Xcode 14.0";
			developmentRegion = en;
			hasScannedForEncodings = 0;
			knownRegions = (
				en,
				Base,
			);
			mainGroup = 851F3D8F2B8527B000E32171;
			productRefGroup = 851F3D992B8527B000E32171 /* Products */;
			projectDirPath = "";
			projectRoot = "";
			targets = (
				851F3D972B8527B000E32171 /* RoamTabs */,
			);
		};
/* End PBXProject section */

/* Begin PBXResourcesBuildPhase section */
		851F3D962B8527B000E32171 /* Resources */ = {
			isa = PBXResourcesBuildPhase;
			buildActionMask = 2147483647;
			files = (
				851F3DA32B8527B400E32171 /* Preview Assets.xcassets in Resources */,
				851F3DA02B8527B400E32171 /* Assets.xcassets in Resources */,
			);
			runOnlyForDeploymentPostprocessing = 0;
		};
/* End PBXResourcesBuildPhase section */

/* Begin PBXSourcesBuildPhase section */
		851F3D942B8527B000E32171 /* Sources */ = {
			isa = PBXSourcesBuildPhase;
			buildActionMask = 2147483647;
			files = (
				85DB3DA62B867DCF00994E92 /* ScrollViewOffsetListener.swift in Sources */,
				85B786EA2B86B73200D421F8 /* TabCardDragOffsetModel.swift in Sources */,
				85B786EC2B86C5D300D421F8 /* ActiveTabSheet.swift in Sources */,
				85B786E72B8687CC00D421F8 /* WebViewTab.swift in Sources */,
				85D9BEE12B857FEA005069A3 /* RootView.swift in Sources */,
				85DB3DA12B867BAC00994E92 /* ScrollViewOffsetReader.swift in Sources */,
				851F3DAD2B85348B00E32171 /* TabsView.swift in Sources */,
				851F3D9C2B8527B000E32171 /* RoamTabsApp.swift in Sources */,
				85DB3DA42B867C9D00994E92 /* OffsetPreferenceKey.swift in Sources */,
				851F3DB12B85638B00E32171 /* TabCardView.swift in Sources */,
			);
			runOnlyForDeploymentPostprocessing = 0;
		};
/* End PBXSourcesBuildPhase section */

/* Begin XCBuildConfiguration section */
		851F3DA42B8527B400E32171 /* Debug */ = {
			isa = XCBuildConfiguration;
			buildSettings = {
				ALWAYS_SEARCH_USER_PATHS = NO;
				ASSETCATALOG_COMPILER_GENERATE_SWIFT_ASSET_SYMBOL_EXTENSIONS = YES;
				CLANG_ANALYZER_NONNULL = YES;
				CLANG_ANALYZER_NUMBER_OBJECT_CONVERSION = YES_AGGRESSIVE;
				CLANG_CXX_LANGUAGE_STANDARD = "gnu++20";
				CLANG_ENABLE_MODULES = YES;
				CLANG_ENABLE_OBJC_ARC = YES;
				CLANG_ENABLE_OBJC_WEAK = YES;
				CLANG_WARN_BLOCK_CAPTURE_AUTORELEASING = YES;
				CLANG_WARN_BOOL_CONVERSION = YES;
				CLANG_WARN_COMMA = YES;
				CLANG_WARN_CONSTANT_CONVERSION = YES;
				CLANG_WARN_DEPRECATED_OBJC_IMPLEMENTATIONS = YES;
				CLANG_WARN_DIRECT_OBJC_ISA_USAGE = YES_ERROR;
				CLANG_WARN_DOCUMENTATION_COMMENTS = YES;
				CLANG_WARN_EMPTY_BODY = YES;
				CLANG_WARN_ENUM_CONVERSION = YES;
				CLANG_WARN_INFINITE_RECURSION = YES;
				CLANG_WARN_INT_CONVERSION = YES;
				CLANG_WARN_NON_LITERAL_NULL_CONVERSION = YES;
				CLANG_WARN_OBJC_IMPLICIT_RETAIN_SELF = YES;
				CLANG_WARN_OBJC_LITERAL_CONVERSION = YES;
				CLANG_WARN_OBJC_ROOT_CLASS = YES_ERROR;
				CLANG_WARN_QUOTED_INCLUDE_IN_FRAMEWORK_HEADER = YES;
				CLANG_WARN_RANGE_LOOP_ANALYSIS = YES;
				CLANG_WARN_STRICT_PROTOTYPES = YES;
				CLANG_WARN_SUSPICIOUS_MOVE = YES;
				CLANG_WARN_UNGUARDED_AVAILABILITY = YES_AGGRESSIVE;
				CLANG_WARN_UNREACHABLE_CODE = YES;
				CLANG_WARN__DUPLICATE_METHOD_MATCH = YES;
				COPY_PHASE_STRIP = NO;
				DEBUG_INFORMATION_FORMAT = dwarf;
				ENABLE_STRICT_OBJC_MSGSEND = YES;
				ENABLE_TESTABILITY = YES;
				ENABLE_USER_SCRIPT_SANDBOXING = YES;
				GCC_C_LANGUAGE_STANDARD = gnu17;
				GCC_DYNAMIC_NO_PIC = NO;
				GCC_NO_COMMON_BLOCKS = YES;
				GCC_OPTIMIZATION_LEVEL = 0;
				GCC_PREPROCESSOR_DEFINITIONS = (
					"DEBUG=1",
					"$(inherited)",
				);
				GCC_WARN_64_TO_32_BIT_CONVERSION = YES;
				GCC_WARN_ABOUT_RETURN_TYPE = YES_ERROR;
				GCC_WARN_UNDECLARED_SELECTOR = YES;
				GCC_WARN_UNINITIALIZED_AUTOS = YES_AGGRESSIVE;
				GCC_WARN_UNUSED_FUNCTION = YES;
				GCC_WARN_UNUSED_VARIABLE = YES;
				IPHONEOS_DEPLOYMENT_TARGET = 17.0;
				LOCALIZATION_PREFERS_STRING_CATALOGS = YES;
				MTL_ENABLE_DEBUG_INFO = INCLUDE_SOURCE;
				MTL_FAST_MATH = YES;
				ONLY_ACTIVE_ARCH = YES;
				SDKROOT = iphoneos;
				SWIFT_ACTIVE_COMPILATION_CONDITIONS = "DEBUG $(inherited)";
				SWIFT_OPTIMIZATION_LEVEL = "-Onone";
			};
			name = Debug;
		};
		851F3DA52B8527B400E32171 /* Release */ = {
			isa = XCBuildConfiguration;
			buildSettings = {
				ALWAYS_SEARCH_USER_PATHS = NO;
				ASSETCATALOG_COMPILER_GENERATE_SWIFT_ASSET_SYMBOL_EXTENSIONS = YES;
				CLANG_ANALYZER_NONNULL = YES;
				CLANG_ANALYZER_NUMBER_OBJECT_CONVERSION = YES_AGGRESSIVE;
				CLANG_CXX_LANGUAGE_STANDARD = "gnu++20";
				CLANG_ENABLE_MODULES = YES;
				CLANG_ENABLE_OBJC_ARC = YES;
				CLANG_ENABLE_OBJC_WEAK = YES;
				CLANG_WARN_BLOCK_CAPTURE_AUTORELEASING = YES;
				CLANG_WARN_BOOL_CONVERSION = YES;
				CLANG_WARN_COMMA = YES;
				CLANG_WARN_CONSTANT_CONVERSION = YES;
				CLANG_WARN_DEPRECATED_OBJC_IMPLEMENTATIONS = YES;
				CLANG_WARN_DIRECT_OBJC_ISA_USAGE = YES_ERROR;
				CLANG_WARN_DOCUMENTATION_COMMENTS = YES;
				CLANG_WARN_EMPTY_BODY = YES;
				CLANG_WARN_ENUM_CONVERSION = YES;
				CLANG_WARN_INFINITE_RECURSION = YES;
				CLANG_WARN_INT_CONVERSION = YES;
				CLANG_WARN_NON_LITERAL_NULL_CONVERSION = YES;
				CLANG_WARN_OBJC_IMPLICIT_RETAIN_SELF = YES;
				CLANG_WARN_OBJC_LITERAL_CONVERSION = YES;
				CLANG_WARN_OBJC_ROOT_CLASS = YES_ERROR;
				CLANG_WARN_QUOTED_INCLUDE_IN_FRAMEWORK_HEADER = YES;
				CLANG_WARN_RANGE_LOOP_ANALYSIS = YES;
				CLANG_WARN_STRICT_PROTOTYPES = YES;
				CLANG_WARN_SUSPICIOUS_MOVE = YES;
				CLANG_WARN_UNGUARDED_AVAILABILITY = YES_AGGRESSIVE;
				CLANG_WARN_UNREACHABLE_CODE = YES;
				CLANG_WARN__DUPLICATE_METHOD_MATCH = YES;
				COPY_PHASE_STRIP = NO;
				DEBUG_INFORMATION_FORMAT = "dwarf-with-dsym";
				ENABLE_NS_ASSERTIONS = NO;
				ENABLE_STRICT_OBJC_MSGSEND = YES;
				ENABLE_USER_SCRIPT_SANDBOXING = YES;
				GCC_C_LANGUAGE_STANDARD = gnu17;
				GCC_NO_COMMON_BLOCKS = YES;
				GCC_WARN_64_TO_32_BIT_CONVERSION = YES;
				GCC_WARN_ABOUT_RETURN_TYPE = YES_ERROR;
				GCC_WARN_UNDECLARED_SELECTOR = YES;
				GCC_WARN_UNINITIALIZED_AUTOS = YES_AGGRESSIVE;
				GCC_WARN_UNUSED_FUNCTION = YES;
				GCC_WARN_UNUSED_VARIABLE = YES;
				IPHONEOS_DEPLOYMENT_TARGET = 17.0;
				LOCALIZATION_PREFERS_STRING_CATALOGS = YES;
				MTL_ENABLE_DEBUG_INFO = NO;
				MTL_FAST_MATH = YES;
				SDKROOT = iphoneos;
				SWIFT_COMPILATION_MODE = wholemodule;
				VALIDATE_PRODUCT = YES;
			};
			name = Release;
		};
		851F3DA72B8527B400E32171 /* Debug */ = {
			isa = XCBuildConfiguration;
			buildSettings = {
				ASSETCATALOG_COMPILER_APPICON_NAME = AppIcon;
				ASSETCATALOG_COMPILER_GLOBAL_ACCENT_COLOR_NAME = AccentColor;
				CODE_SIGN_STYLE = Automatic;
				CURRENT_PROJECT_VERSION = 1;
				DEVELOPMENT_ASSET_PATHS = "\"RoamTabs/Preview Content\"";
				DEVELOPMENT_TEAM = DPBA8FX7MF;
				ENABLE_PREVIEWS = YES;
				GENERATE_INFOPLIST_FILE = YES;
				INFOPLIST_KEY_UIApplicationSceneManifest_Generation = YES;
				INFOPLIST_KEY_UIApplicationSupportsIndirectInputEvents = YES;
				INFOPLIST_KEY_UILaunchScreen_Generation = YES;
				INFOPLIST_KEY_UISupportedInterfaceOrientations_iPad = "UIInterfaceOrientationPortrait UIInterfaceOrientationPortraitUpsideDown UIInterfaceOrientationLandscapeLeft UIInterfaceOrientationLandscapeRight";
				INFOPLIST_KEY_UISupportedInterfaceOrientations_iPhone = "UIInterfaceOrientationPortrait UIInterfaceOrientationLandscapeLeft UIInterfaceOrientationLandscapeRight";
				LD_RUNPATH_SEARCH_PATHS = (
					"$(inherited)",
					"@executable_path/Frameworks",
				);
				MARKETING_VERSION = 1.0;
				PRODUCT_BUNDLE_IDENTIFIER = com.forestplasencia.RoamTabs;
				PRODUCT_NAME = "$(TARGET_NAME)";
				SWIFT_EMIT_LOC_STRINGS = YES;
				SWIFT_VERSION = 5.0;
				TARGETED_DEVICE_FAMILY = "1,2";
			};
			name = Debug;
		};
		851F3DA82B8527B400E32171 /* Release */ = {
			isa = XCBuildConfiguration;
			buildSettings = {
				ASSETCATALOG_COMPILER_APPICON_NAME = AppIcon;
				ASSETCATALOG_COMPILER_GLOBAL_ACCENT_COLOR_NAME = AccentColor;
				CODE_SIGN_STYLE = Automatic;
				CURRENT_PROJECT_VERSION = 1;
				DEVELOPMENT_ASSET_PATHS = "\"RoamTabs/Preview Content\"";
				DEVELOPMENT_TEAM = DPBA8FX7MF;
				ENABLE_PREVIEWS = YES;
				GENERATE_INFOPLIST_FILE = YES;
				INFOPLIST_KEY_UIApplicationSceneManifest_Generation = YES;
				INFOPLIST_KEY_UIApplicationSupportsIndirectInputEvents = YES;
				INFOPLIST_KEY_UILaunchScreen_Generation = YES;
				INFOPLIST_KEY_UISupportedInterfaceOrientations_iPad = "UIInterfaceOrientationPortrait UIInterfaceOrientationPortraitUpsideDown UIInterfaceOrientationLandscapeLeft UIInterfaceOrientationLandscapeRight";
				INFOPLIST_KEY_UISupportedInterfaceOrientations_iPhone = "UIInterfaceOrientationPortrait UIInterfaceOrientationLandscapeLeft UIInterfaceOrientationLandscapeRight";
				LD_RUNPATH_SEARCH_PATHS = (
					"$(inherited)",
					"@executable_path/Frameworks",
				);
				MARKETING_VERSION = 1.0;
				PRODUCT_BUNDLE_IDENTIFIER = com.forestplasencia.RoamTabs;
				PRODUCT_NAME = "$(TARGET_NAME)";
				SWIFT_EMIT_LOC_STRINGS = YES;
				SWIFT_VERSION = 5.0;
				TARGETED_DEVICE_FAMILY = "1,2";
			};
			name = Release;
		};
/* End XCBuildConfiguration section */

/* Begin XCConfigurationList section */
		851F3D932B8527B000E32171 /* Build configuration list for PBXProject "RoamTabs" */ = {
			isa = XCConfigurationList;
			buildConfigurations = (
				851F3DA42B8527B400E32171 /* Debug */,
				851F3DA52B8527B400E32171 /* Release */,
			);
			defaultConfigurationIsVisible = 0;
			defaultConfigurationName = Release;
		};
		851F3DA62B8527B400E32171 /* Build configuration list for PBXNativeTarget "RoamTabs" */ = {
			isa = XCConfigurationList;
			buildConfigurations = (
				851F3DA72B8527B400E32171 /* Debug */,
				851F3DA82B8527B400E32171 /* Release */,
			);
			defaultConfigurationIsVisible = 0;
			defaultConfigurationName = Release;
		};
/* End XCConfigurationList section */
	};
	rootObject = 851F3D902B8527B000E32171 /* Project object */;
}
